
Microsoft Visual Studio Solution File, Format Version 12.00
# Visual Studio Version 17
VisualStudioVersion = 17.14.36221.1 d17.14
MinimumVisualStudioVersion = 10.0.40219.1
Project("{FAE04EC0-301F-11D3-BF4B-00C04F79EFBC}") = "Presentation", "TP_API_VGA\Presentation.csproj", "{1813E6B4-D67E-4557-A02C-655261AC7E2C}"
EndProject
Project("{FAE04EC0-301F-11D3-BF4B-00C04F79EFBC}") = "Application", "Application\Application.csproj", "{BFCD80FB-BC69-4E96-9A7B-6B516B520C16}"
EndProject
Project("{FAE04EC0-301F-11D3-BF4B-00C04F79EFBC}") = "Domain", "Domain\Domain.csproj", "{9096FB6A-9536-419E-8B26-FC0DC4AD26E3}"
EndProject
Project("{FAE04EC0-301F-11D3-BF4B-00C04F79EFBC}") = "Infrastructure", "Infrastructure\Infrastructure.csproj", "{65EB34DB-D453-4683-9C66-331EAE2A6CD4}"
EndProject
Global
	GlobalSection(SolutionConfigurationPlatforms) = preSolution
		Debug|Any CPU = Debug|Any CPU
		Release|Any CPU = Release|Any CPU
	EndGlobalSection
	GlobalSection(ProjectConfigurationPlatforms) = postSolution
		{1813E6B4-D67E-4557-A02C-655261AC7E2C}.Debug|Any CPU.ActiveCfg = Debug|Any CPU
		{1813E6B4-D67E-4557-A02C-655261AC7E2C}.Debug|Any CPU.Build.0 = Debug|Any CPU
		{1813E6B4-D67E-4557-A02C-655261AC7E2C}.Release|Any CPU.ActiveCfg = Release|Any CPU
		{1813E6B4-D67E-4557-A02C-655261AC7E2C}.Release|Any CPU.Build.0 = Release|Any CPU
		{BFCD80FB-BC69-4E96-9A7B-6B516B520C16}.Debug|Any CPU.ActiveCfg = Debug|Any CPU
		{BFCD80FB-BC69-4E96-9A7B-6B516B520C16}.Debug|Any CPU.Build.0 = Debug|Any CPU
		{BFCD80FB-BC69-4E96-9A7B-6B516B520C16}.Release|Any CPU.ActiveCfg = Release|Any CPU
		{BFCD80FB-BC69-4E96-9A7B-6B516B520C16}.Release|Any CPU.Build.0 = Release|Any CPU
		{9096FB6A-9536-419E-8B26-FC0DC4AD26E3}.Debug|Any CPU.ActiveCfg = Debug|Any CPU
		{9096FB6A-9536-419E-8B26-FC0DC4AD26E3}.Debug|Any CPU.Build.0 = Debug|Any CPU
		{9096FB6A-9536-419E-8B26-FC0DC4AD26E3}.Release|Any CPU.ActiveCfg = Release|Any CPU
		{9096FB6A-9536-419E-8B26-FC0DC4AD26E3}.Release|Any CPU.Build.0 = Release|Any CPU
		{65EB34DB-D453-4683-9C66-331EAE2A6CD4}.Debug|Any CPU.ActiveCfg = Debug|Any CPU
		{65EB34DB-D453-4683-9C66-331EAE2A6CD4}.Debug|Any CPU.Build.0 = Debug|Any CPU
		{65EB34DB-D453-4683-9C66-331EAE2A6CD4}.Release|Any CPU.ActiveCfg = Release|Any CPU
		{65EB34DB-D453-4683-9C66-331EAE2A6CD4}.Release|Any CPU.Build.0 = Release|Any CPU
	EndGlobalSection
	GlobalSection(SolutionProperties) = preSolution
		HideSolutionNode = FALSE
	EndGlobalSection
	GlobalSection(ExtensibilityGlobals) = postSolution
		SolutionGuid = {0072AFA7-C081-49BF-B003-8078C4CC5303}
	EndGlobalSection
EndGlobal
